{
  "name": "6de2aa2fded2970c",
  "lockfileVersion": 3,
  "requires": true,
  "packages": {
    "": {
      "dependencies": {
        "agent-browser": "^0.21.4"
      }
    },
    "node_modules/agent-browser": {
      "version": "0.21.4",
      "resolved": "https://registry.npmjs.org/agent-browser/-/agent-browser-0.21.4.tgz",
      "integrity": "sha512-m5N0rbVtJgRnjFcTkb4t4iiKEE68fUH1Ur9RKyDmjn/gaFpmOUYLtT2AKdxhmyj+utn3NpEU2sIyRnsv8RwqZQ==",
      "hasInstallScript": true,
      "license": "Apache-2.0",
      "bin": {
        "agent-browser": "bin/agent-browser.js"
      }
    }
  }
}
